lockfileVersion: '9.0'

settings:
  autoInstallPeers: true
  excludeLinksFromLockfile: false

patchedDependencies:
  playwright-core@1.63.0-alpha-2026-08-05:
    hash: 4a91e8c722a80ac4c1ec0668e9192fab1121d47e232c960e231099dc85a45e81
    path: ../../patches/playwright-core@1.63.0-alpha-2026-08-05.patch

importers:

  .:
    dependencies:
      '@playwright/mcp':
        specifier: 0.0.79
        version: 0.0.79

packages:

  '@playwright/mcp@0.0.79':
    resolution: {integrity: sha512-VpqD4a3vFyGQMY9sh3UJiO6wjcurggkljKfAyCHL0QWGY5m6Ehr3MNsAAHPDHO//n13g0PCjpHatAOiulrqdZQ==}
    engines: {node: '>=18'}
    hasBin: true

  fsevents@2.3.2:
    resolution: {integrity: sha512-xiqMQR4xAeHTuB9uWm+fFRcIOgKBMiOBP+eXiyT7jsgVCq1bkVygt00oASowB7EdtpOHaaPgKt812P9ab+DDKA==}
    engines: {node: ^8.16.0 || ^10.6.0 || >=11.0.0}
    os: [darwin]

  playwright-core@1.63.0-alpha-2026-08-05:
    resolution: {integrity: sha512-YussvUybTfBtyYbGXWh43f+5kNP03wg98M6mu4DphYET7PSbNVajsdLGjWE1xrsjqOw32i2wFlRP7U5mcOpMZg==}
    engines: {node: '>=20'}
    hasBin: true

  playwright@1.63.0-alpha-2026-08-05:
    resolution: {integrity: sha512-zbGZUK+JYkoDV3cUgfvh2czTBJL34Gmz5gHVI25xiIpvYSR17Q1M7TS8hnwECUe+IkKaeXbKrSyJTyogm2DVWw==}
    engines: {node: '>=20'}
    hasBin: true

snapshots:

  '@playwright/mcp@0.0.79':
    dependencies:
      playwright: 1.63.0-alpha-2026-08-05
      playwright-core: 1.63.0-alpha-2026-08-05(patch_hash=4a91e8c722a80ac4c1ec0668e9192fab1121d47e232c960e231099dc85a45e81)

  fsevents@2.3.2:
    optional: true

  playwright-core@1.63.0-alpha-2026-08-05(patch_hash=4a91e8c722a80ac4c1ec0668e9192fab1121d47e232c960e231099dc85a45e81): {}

  playwright@1.63.0-alpha-2026-08-05:
    dependencies:
      playwright-core: 1.63.0-alpha-2026-08-05(patch_hash=4a91e8c722a80ac4c1ec0668e9192fab1121d47e232c960e231099dc85a45e81)
    optionalDependencies:
      fsevents: 2.3.2
